
Microsoft Visual Studio Solution File, Format Version 12.00
# Visual Studio Version 17
VisualStudioVersion = 17.13.35828.75 d17.13
MinimumVisualStudioVersion = 10.0.40219.1
Project("{FAE04EC0-301F-11D3-BF4B-00C04F79EFBC}") = "YTB-104-API-HealthProject-Odev", "YTB-104-API-HealthProject-Odev\YTB-104-API-HealthProject-Odev.csproj", "{3CA52A44-282E-4568-94B4-C0A18E57E90C}"
EndProject
Global
	GlobalSection(SolutionConfigurationPlatforms) = preSolution
		Debug|Any CPU = Debug|Any CPU
		Release|Any CPU = Release|Any CPU
	EndGlobalSection
	GlobalSection(ProjectConfigurationPlatforms) = postSolution
		{3CA52A44-282E-4568-94B4-C0A18E57E90C}.Debug|Any CPU.ActiveCfg = Debug|Any CPU
		{3CA52A44-282E-4568-94B4-C0A18E57E90C}.Debug|Any CPU.Build.0 = Debug|Any CPU
		{3CA52A44-282E-4568-94B4-C0A18E57E90C}.Release|Any CPU.ActiveCfg = Release|Any CPU
		{3CA52A44-282E-4568-94B4-C0A18E57E90C}.Release|Any CPU.Build.0 = Release|Any CPU
	EndGlobalSection
	GlobalSection(SolutionProperties) = preSolution
		HideSolutionNode = FALSE
	EndGlobalSection
	GlobalSection(ExtensibilityGlobals) = postSolution
		SolutionGuid = {641A44A9-72AA-4059-A906-F1623CA715E9}
	EndGlobalSection
EndGlobal
